PODS:
  - JOWCategory (0.1.8):
    - JOWCategory/JOWCheckPermission (= 0.1.8)
    - JOWCategory/JOWEncrypt (= 0.1.8)
    - JOWCategory/JOWFoundation (= 0.1.8)
    - JOWCategory/JOWMacro (= 0.1.8)
    - JOWCategory/JOWQRCode (= 0.1.8)
    - JOWCategory/JOWRSA (= 0.1.8)
    - JOWCategory/JOWUIKit (= 0.1.8)
  - JOWCategory/JOWCheckPermission (0.1.8)
  - JOWCategory/JOWEncrypt (0.1.8):
    - JOWCategory/JOWRSA
  - JOWCategory/JOWFoundation (0.1.8)
  - JOWCategory/JOWMacro (0.1.8)
  - JOWCategory/JOWQRCode (0.1.8)
  - JOWCategory/JOWRSA (0.1.8)
  - JOWCategory/JOWUIKit (0.1.8):
    - JOWCategory/JOWFoundation

DEPENDENCIES:
  - JOWCategory (from `../`)

EXTERNAL SOURCES:
  JOWCategory:
    :path: "../"

SPEC CHECKSUMS:
  JOWCategory: bf3c4f77884bd954a8244ea0b840341a316f37e5

PODFILE CHECKSUM: 83a90a57e730c10fb5835a745930a16f183c8f9d

COCOAPODS: 1.9.3
