PODS:
  - Expecta (1.0.6)
  - "Expecta+Snapshots (3.1.1)":
    - Expecta (~> 1.0)
    - FBSnapshotTestCase/Core (~> 2.0)
    - Specta (~> 1.0)
  - FBSnapshotTestCase (2.1.4):
    - FBSnapshotTestCase/SwiftSupport (= 2.1.4)
  - FBSnapshotTestCase/Core (2.1.4)
  - FBSnapshotTestCase/SwiftSupport (2.1.4):
    - FBSnapshotTestCase/Core
  - JOWCategory (0.1.2):
    - JOWCategory/JOWFoundation (= 0.1.2)
    - JOWCategory/JOWQRCode (= 0.1.2)
    - JOWCategory/JOWUIKit (= 0.1.2)
  - JOWCategory/JOWFoundation (0.1.2)
  - JOWCategory/JOWQRCode (0.1.2)
  - JOWCategory/JOWUIKit (0.1.2):
    - JOWCategory/JOWFoundation
  - Specta (1.0.7)

DEPENDENCIES:
  - Expecta
  - "Expecta+Snapshots"
  - FBSnapshotTestCase
  - JOWCategory (from `../`)
  - Specta

SPEC REPOS:
  https://github.com/cocoapods/specs.git:
    - Expecta
    - "Expecta+Snapshots"
    - FBSnapshotTestCase
    - Specta

EXTERNAL SOURCES:
  JOWCategory:
    :path: "../"

SPEC CHECKSUMS:
  Expecta: 3b6bd90a64b9a1dcb0b70aa0e10a7f8f631667d5
  "Expecta+Snapshots": dcff217eef506dabd6dfdc7864ea2da321fafbb8
  FBSnapshotTestCase: 094f9f314decbabe373b87cc339bea235a63e07a
  JOWCategory: b6f9bacc4bfab64d96b2de423d05ce14c58940a9
  Specta: 3e1bd89c3517421982dc4d1c992503e48bd5fe66

PODFILE CHECKSUM: a35a5c2599492642d48e59b6a0cf6fcfd86214ad

COCOAPODS: 1.5.3
